// !$*UTF8*$!
{
	archiveVersion = 1;
	classes = {
	};
	objectVersion = 50;
	objects = {

/* Begin PBXBuildFile section */
		5D9C31BF0B842B10DD3431B5 /* Pods_TinkoffChat.framework in Frameworks */ = {isa = PBXBuildFile; fileRef = E6073FE7680D7434BE1FEFA6 /* Pods_TinkoffChat.framework */; };
		B51C3150221AC4CF00A6381E /* GestureRecognizerLogicForUserProfileImage.swift in Sources */ = {isa = PBXBuildFile; fileRef = B51C314F221AC4CF00A6381E /* GestureRecognizerLogicForUserProfileImage.swift */; };
		B5299F91221EB185009A4345 /* ConversationCellConfiguration.swift in Sources */ = {isa = PBXBuildFile; fileRef = B5299F90221EB185009A4345 /* ConversationCellConfiguration.swift */; };
		B530C2E72222F75000DC7A1C /* ConversationViewController.swift in Sources */ = {isa = PBXBuildFile; fileRef = B530C2E62222F75000DC7A1C /* ConversationViewController.swift */; };
		B537909B222DF06E007FAC24 /* Themes.m in Sources */ = {isa = PBXBuildFile; fileRef = B537909A222DF06E007FAC24 /* Themes.m */; };
		B53790A0222EA451007FAC24 /* ThemesViewController.storyboard in Resources */ = {isa = PBXBuildFile; fileRef = B537909F222EA451007FAC24 /* ThemesViewController.storyboard */; };
		B53790A2222F0DC7007FAC24 /* NSUserDefaultsExtension.swift in Sources */ = {isa = PBXBuildFile; fileRef = B53790A1222F0DC7007FAC24 /* NSUserDefaultsExtension.swift */; };
		B53790A6222F114C007FAC24 /* ThemesSettings.swift in Sources */ = {isa = PBXBuildFile; fileRef = B53790A5222F114C007FAC24 /* ThemesSettings.swift */; };
		B53790AE222F4C9D007FAC24 /* ColorExtension.swift in Sources */ = {isa = PBXBuildFile; fileRef = B53790AD222F4C9D007FAC24 /* ColorExtension.swift */; };
		B53790AF222F4E15007FAC24 /* ThemeViewControllerSwift.swift in Sources */ = {isa = PBXBuildFile; fileRef = B53790A3222F0EB6007FAC24 /* ThemeViewControllerSwift.swift */; };
		B53790B0222F4E71007FAC24 /* ThemesViewController.m in Sources */ = {isa = PBXBuildFile; fileRef = B5379096222DF026007FAC24 /* ThemesViewController.m */; };
		B552670622232A3400CABDEA /* Conversation.storyboard in Resources */ = {isa = PBXBuildFile; fileRef = B552670522232A3400CABDEA /* Conversation.storyboard */; };
		B565D5DC2222EAE000CE4204 /* DateExtension.swift in Sources */ = {isa = PBXBuildFile; fileRef = B565D5DB2222EAE000CE4204 /* DateExtension.swift */; };
		B565D5DE2222EB1700CE4204 /* ConversationsListViewController.swift in Sources */ = {isa = PBXBuildFile; fileRef = B565D5DD2222EB1700CE4204 /* ConversationsListViewController.swift */; };
		B57E183E221ED37800BB9233 /* ConversationTableViewCell.swift in Sources */ = {isa = PBXBuildFile; fileRef = B57E183D221ED37800BB9233 /* ConversationTableViewCell.swift */; };
		B583A1612219784F00C18085 /* Models.swift in Sources */ = {isa = PBXBuildFile; fileRef = B583A1602219784F00C18085 /* Models.swift */; };
		B588A0342219A73700F691A5 /* EditingUserProfileViewController.swift in Sources */ = {isa = PBXBuildFile; fileRef = B588A0332219A73700F691A5 /* EditingUserProfileViewController.swift */; };
		B58B3642221DF66500DDE309 /* ConversationsList.storyboard in Resources */ = {isa = PBXBuildFile; fileRef = B58B3641221DF66500DDE309 /* ConversationsList.storyboard */; };
		B599F8812224028100439B7A /* MessageCellConfiguration.swift in Sources */ = {isa = PBXBuildFile; fileRef = B599F8802224028100439B7A /* MessageCellConfiguration.swift */; };
		B599F8842224048400439B7A /* MessageTableViewCell.swift in Sources */ = {isa = PBXBuildFile; fileRef = B599F8832224048400439B7A /* MessageTableViewCell.swift */; };
		B5A8175F221A7A9200A05D3B /* ProfilePickerImageExtesion.swift in Sources */ = {isa = PBXBuildFile; fileRef = B5A8175E221A7A9200A05D3B /* ProfilePickerImageExtesion.swift */; };
		B5A81761221A7B5000A05D3B /* ProfileGestureRecExtension.swift in Sources */ = {isa = PBXBuildFile; fileRef = B5A81760221A7B5000A05D3B /* ProfileGestureRecExtension.swift */; };
		B5A81764221A7C4200A05D3B /* EditingUserProfileGestureRecExtesion.swift in Sources */ = {isa = PBXBuildFile; fileRef = B5A81763221A7C4200A05D3B /* EditingUserProfileGestureRecExtesion.swift */; };
		B5A81766221A7CA700A05D3B /* EditingUserProfileImagePickerExtension.swift in Sources */ = {isa = PBXBuildFile; fileRef = B5A81765221A7CA700A05D3B /* EditingUserProfileImagePickerExtension.swift */; };
		B5CFCBE8221A8B84005C1134 /* SetUserProfileImageProtocol.swift in Sources */ = {isa = PBXBuildFile; fileRef = B5CFCBE7221A8B84005C1134 /* SetUserProfileImageProtocol.swift */; };
		B5D93B94220B6EC700B12EA4 /* AppDelegate.swift in Sources */ = {isa = PBXBuildFile; fileRef = B5D93B93220B6EC700B12EA4 /* AppDelegate.swift */; };
		B5D93B96220B6EC700B12EA4 /* ProfileViewController.swift in Sources */ = {isa = PBXBuildFile; fileRef = B5D93B95220B6EC700B12EA4 /* ProfileViewController.swift */; };
		B5D93B99220B6EC700B12EA4 /* Profile.storyboard in Resources */ = {isa = PBXBuildFile; fileRef = B5D93B97220B6EC700B12EA4 /* Profile.storyboard */; };
		B5D93B9C220B6EC700B12EA4 /* TinkoffChat.xcdatamodeld in Sources */ = {isa = PBXBuildFile; fileRef = B5D93B9A220B6EC700B12EA4 /* TinkoffChat.xcdatamodeld */; };
		B5D93B9E220B6EC700B12EA4 /* Assets.xcassets in Resources */ = {isa = PBXBuildFile; fileRef = B5D93B9D220B6EC700B12EA4 /* Assets.xcassets */; };
		B5D93BA1220B6EC700B12EA4 /* LaunchScreen.storyboard in Resources */ = {isa = PBXBuildFile; fileRef = B5D93B9F220B6EC700B12EA4 /* LaunchScreen.storyboard */; };
		B5ECE57F22182574005AD783 /* ZoomUserImageViewController.swift in Sources */ = {isa = PBXBuildFile; fileRef = B5ECE57E22182573005AD783 /* ZoomUserImageViewController.swift */; };
/* End PBXBuildFile section */

/* Begin PBXFileReference section */
		6553760C1E52A43529F6B398 /* Pods-TinkoffChat.debug.xcconfig */ = {isa = PBXFileReference; includeInIndex = 1; lastKnownFileType = text.xcconfig; name = "Pods-TinkoffChat.debug.xcconfig"; path = "Pods/Target Support Files/Pods-TinkoffChat/Pods-TinkoffChat.debug.xcconfig"; sourceTree = "<group>"; };
		B51C314F221AC4CF00A6381E /* GestureRecognizerLogicForUserProfileImage.swift */ = {isa = PBXFileReference; lastKnownFileType = sourcecode.swift; path = GestureRecognizerLogicForUserProfileImage.swift; sourceTree = "<group>"; };
		B5299F90221EB185009A4345 /* ConversationCellConfiguration.swift */ = {isa = PBXFileReference; lastKnownFileType = sourcecode.swift; path = ConversationCellConfiguration.swift; sourceTree = "<group>"; };
		B530C2E62222F75000DC7A1C /* ConversationViewController.swift */ = {isa = PBXFileReference; lastKnownFileType = sourcecode.swift; path = ConversationViewController.swift; sourceTree = "<group>"; };
		B5379093222DEF94007FAC24 /* TinkoffChat-Bridging-Header.h */ = {isa = PBXFileReference; lastKnownFileType = sourcecode.c.h; path = "TinkoffChat-Bridging-Header.h"; sourceTree = "<group>"; };
		B5379095222DF014007FAC24 /* ThemesViewController.h */ = {isa = PBXFileReference; fileEncoding = 4; lastKnownFileType = sourcecode.c.h; path = ThemesViewController.h; sourceTree = "<group>"; };
		B5379096222DF026007FAC24 /* ThemesViewController.m */ = {isa = PBXFileReference; fileEncoding = 4; lastKnownFileType = sourcecode.c.objc; path = ThemesViewController.m; sourceTree = "<group>"; };
		B5379098222DF036007FAC24 /* ThemesViewControllerDelegate.h */ = {isa = PBXFileReference; fileEncoding = 4; lastKnownFileType = sourcecode.c.h; path = ThemesViewControllerDelegate.h; sourceTree = "<group>"; };
		B5379099222DF067007FAC24 /* Themes.h */ = {isa = PBXFileReference; fileEncoding = 4; lastKnownFileType = sourcecode.c.h; path = Themes.h; sourceTree = "<group>"; };
		B537909A222DF06E007FAC24 /* Themes.m */ = {isa = PBXFileReference; fileEncoding = 4; lastKnownFileType = sourcecode.c.objc; path = Themes.m; sourceTree = "<group>"; };
		B537909F222EA451007FAC24 /* ThemesViewController.storyboard */ = {isa = PBXFileReference; lastKnownFileType = file.storyboard; path = ThemesViewController.storyboard; sourceTree = "<group>"; };
		B53790A1222F0DC7007FAC24 /* NSUserDefaultsExtension.swift */ = {isa = PBXFileReference; lastKnownFileType = sourcecode.swift; path = NSUserDefaultsExtension.swift; sourceTree = "<group>"; };
		B53790A3222F0EB6007FAC24 /* ThemeViewControllerSwift.swift */ = {isa = PBXFileReference; lastKnownFileType = sourcecode.swift; path = ThemeViewControllerSwift.swift; sourceTree = "<group>"; };
		B53790A5222F114C007FAC24 /* ThemesSettings.swift */ = {isa = PBXFileReference; lastKnownFileType = sourcecode.swift; path = ThemesSettings.swift; sourceTree = "<group>"; };
		B53790AD222F4C9D007FAC24 /* ColorExtension.swift */ = {isa = PBXFileReference; lastKnownFileType = sourcecode.swift; path = ColorExtension.swift; sourceTree = "<group>"; };
		B552670522232A3400CABDEA /* Conversation.storyboard */ = {isa = PBXFileReference; lastKnownFileType = file.storyboard; path = Conversation.storyboard; sourceTree = "<group>"; };
		B565D5DB2222EAE000CE4204 /* DateExtension.swift */ = {isa = PBXFileReference; lastKnownFileType = sourcecode.swift; path = DateExtension.swift; sourceTree = "<group>"; };
		B565D5DD2222EB1700CE4204 /* ConversationsListViewController.swift */ = {isa = PBXFileReference; fileEncoding = 4; lastKnownFileType = sourcecode.swift; path = ConversationsListViewController.swift; sourceTree = "<group>"; };
		B57E183D221ED37800BB9233 /* ConversationTableViewCell.swift */ = {isa = PBXFileReference; lastKnownFileType = sourcecode.swift; path = ConversationTableViewCell.swift; sourceTree = "<group>"; };
		B583A1602219784F00C18085 /* Models.swift */ = {isa = PBXFileReference; lastKnownFileType = sourcecode.swift; path = Models.swift; sourceTree = "<group>"; };
		B588A0332219A73700F691A5 /* EditingUserProfileViewController.swift */ = {isa = PBXFileReference; lastKnownFileType = sourcecode.swift; path = EditingUserProfileViewController.swift; sourceTree = "<group>"; };
		B58B3641221DF66500DDE309 /* ConversationsList.storyboard */ = {isa = PBXFileReference; lastKnownFileType = file.storyboard; path = ConversationsList.storyboard; sourceTree = "<group>"; };
		B599F8802224028100439B7A /* MessageCellConfiguration.swift */ = {isa = PBXFileReference; lastKnownFileType = sourcecode.swift; path = MessageCellConfiguration.swift; sourceTree = "<group>"; };
		B599F8832224048400439B7A /* MessageTableViewCell.swift */ = {isa = PBXFileReference; lastKnownFileType = sourcecode.swift; path = MessageTableViewCell.swift; sourceTree = "<group>"; };
		B5A8175E221A7A9200A05D3B /* ProfilePickerImageExtesion.swift */ = {isa = PBXFileReference; lastKnownFileType = sourcecode.swift; path = ProfilePickerImageExtesion.swift; sourceTree = "<group>"; };
		B5A81760221A7B5000A05D3B /* ProfileGestureRecExtension.swift */ = {isa = PBXFileReference; lastKnownFileType = sourcecode.swift; path = ProfileGestureRecExtension.swift; sourceTree = "<group>"; };
		B5A81763221A7C4200A05D3B /* EditingUserProfileGestureRecExtesion.swift */ = {isa = PBXFileReference; lastKnownFileType = sourcecode.swift; path = EditingUserProfileGestureRecExtesion.swift; sourceTree = "<group>"; };
		B5A81765221A7CA700A05D3B /* EditingUserProfileImagePickerExtension.swift */ = {isa = PBXFileReference; lastKnownFileType = sourcecode.swift; path = EditingUserProfileImagePickerExtension.swift; sourceTree = "<group>"; };
		B5CFCBE7221A8B84005C1134 /* SetUserProfileImageProtocol.swift */ = {isa = PBXFileReference; lastKnownFileType = sourcecode.swift; path = SetUserProfileImageProtocol.swift; sourceTree = "<group>"; };
		B5D93B90220B6EC700B12EA4 /* TinkoffChat.app */ = {isa = PBXFileReference; explicitFileType = wrapper.application; includeInIndex = 0; path = TinkoffChat.app; sourceTree = BUILT_PRODUCTS_DIR; };
		B5D93B93220B6EC700B12EA4 /* AppDelegate.swift */ = {isa = PBXFileReference; lastKnownFileType = sourcecode.swift; path = AppDelegate.swift; sourceTree = "<group>"; };
		B5D93B95220B6EC700B12EA4 /* ProfileViewController.swift */ = {isa = PBXFileReference; lastKnownFileType = sourcecode.swift; path = ProfileViewController.swift; sourceTree = "<group>"; };
		B5D93B98220B6EC700B12EA4 /* Base */ = {isa = PBXFileReference; lastKnownFileType = file.storyboard; name = Base; path = Base.lproj/Profile.storyboard; sourceTree = "<group>"; };
		B5D93B9B220B6EC700B12EA4 /* TinkoffChat.xcdatamodel */ = {isa = PBXFileReference; lastKnownFileType = wrapper.xcdatamodel; path = TinkoffChat.xcdatamodel; sourceTree = "<group>"; };
		B5D93B9D220B6EC700B12EA4 /* Assets.xcassets */ = {isa = PBXFileReference; lastKnownFileType = folder.assetcatalog; path = Assets.xcassets; sourceTree = "<group>"; };
		B5D93BA0220B6EC700B12EA4 /* Base */ = {isa = PBXFileReference; lastKnownFileType = file.storyboard; name = Base; path = Base.lproj/LaunchScreen.storyboard; sourceTree = "<group>"; };
		B5D93BA2220B6EC700B12EA4 /* Info.plist */ = {isa = PBXFileReference; lastKnownFileType = text.plist.xml; path = Info.plist; sourceTree = "<group>"; };
		B5ECE57E22182573005AD783 /* ZoomUserImageViewController.swift */ = {isa = PBXFileReference; fileEncoding = 4; lastKnownFileType = sourcecode.swift; path = ZoomUserImageViewController.swift; sourceTree = "<group>"; };
		D13F12F1225E29503664F6AA /* Pods-TinkoffChat.release.xcconfig */ = {isa = PBXFileReference; includeInIndex = 1; lastKnownFileType = text.xcconfig; name = "Pods-TinkoffChat.release.xcconfig"; path = "Pods/Target Support Files/Pods-TinkoffChat/Pods-TinkoffChat.release.xcconfig"; sourceTree = "<group>"; };
		E6073FE7680D7434BE1FEFA6 /* Pods_TinkoffChat.framework */ = {isa = PBXFileReference; explicitFileType = wrapper.framework; includeInIndex = 0; path = Pods_TinkoffChat.framework; sourceTree = BUILT_PRODUCTS_DIR; };
/* End PBXFileReference section */

/* Begin PBXFrameworksBuildPhase section */
		B5D93B8D220B6EC700B12EA4 /* Frameworks */ = {
			isa = PBXFrameworksBuildPhase;
			buildActionMask = 2147483647;
			files = (
				5D9C31BF0B842B10DD3431B5 /* Pods_TinkoffChat.framework in Frameworks */,
			);
			runOnlyForDeploymentPostprocessing = 0;
		};
/* End PBXFrameworksBuildPhase section */

/* Begin PBXGroup section */
		72BD5C7ADEE4FA80B7DB6C86 /* Pods */ = {
			isa = PBXGroup;
			children = (
				6553760C1E52A43529F6B398 /* Pods-TinkoffChat.debug.xcconfig */,
				D13F12F1225E29503664F6AA /* Pods-TinkoffChat.release.xcconfig */,
			);
			name = Pods;
			sourceTree = "<group>";
		};
		B5379092222DEF6F007FAC24 /* Objective-c */ = {
			isa = PBXGroup;
			children = (
				B5379098222DF036007FAC24 /* ThemesViewControllerDelegate.h */,
				B5379096222DF026007FAC24 /* ThemesViewController.m */,
				B5379095222DF014007FAC24 /* ThemesViewController.h */,
				B5379093222DEF94007FAC24 /* TinkoffChat-Bridging-Header.h */,
				B537909C222DF078007FAC24 /* Themes Model's */,
			);
			path = "Objective-c";
			sourceTree = "<group>";
		};
		B537909C222DF078007FAC24 /* Themes Model's */ = {
			isa = PBXGroup;
			children = (
				B537909A222DF06E007FAC24 /* Themes.m */,
				B5379099222DF067007FAC24 /* Themes.h */,
			);
			path = "Themes Model's";
			sourceTree = "<group>";
		};
		B565D5D92222EAA100CE4204 /* ConversationList */ = {
			isa = PBXGroup;
			children = (
				B565D5DD2222EB1700CE4204 /* ConversationsListViewController.swift */,
				B57E183D221ED37800BB9233 /* ConversationTableViewCell.swift */,
			);
			path = ConversationList;
			sourceTree = "<group>";
		};
		B565D5DA2222EABF00CE4204 /* Profile */ = {
			isa = PBXGroup;
			children = (
				B5D93B95220B6EC700B12EA4 /* ProfileViewController.swift */,
				B588A0332219A73700F691A5 /* EditingUserProfileViewController.swift */,
				B5ECE57E22182573005AD783 /* ZoomUserImageViewController.swift */,
			);
			path = Profile;
			sourceTree = "<group>";
		};
		B583A1622219804D00C18085 /* Data Source */ = {
			isa = PBXGroup;
			children = (
				B583A1602219784F00C18085 /* Models.swift */,
				B599F8822224032200439B7A /* Protocols */,
			);
			path = "Data Source";
			sourceTree = "<group>";
		};
		B599F8822224032200439B7A /* Protocols */ = {
			isa = PBXGroup;
			children = (
				B5CFCBE7221A8B84005C1134 /* SetUserProfileImageProtocol.swift */,
				B51C314F221AC4CF00A6381E /* GestureRecognizerLogicForUserProfileImage.swift */,
				B5299F90221EB185009A4345 /* ConversationCellConfiguration.swift */,
				B599F8802224028100439B7A /* MessageCellConfiguration.swift */,
			);
			path = Protocols;
			sourceTree = "<group>";
		};
		B599F88522240BB400439B7A /* Conversation */ = {
			isa = PBXGroup;
			children = (
				B530C2E62222F75000DC7A1C /* ConversationViewController.swift */,
				B599F8832224048400439B7A /* MessageTableViewCell.swift */,
			);
			path = Conversation;
			sourceTree = "<group>";
		};
		B5A81762221A7B8200A05D3B /* Profile Extension */ = {
			isa = PBXGroup;
			children = (
				B5A8175E221A7A9200A05D3B /* ProfilePickerImageExtesion.swift */,
				B5A81760221A7B5000A05D3B /* ProfileGestureRecExtension.swift */,
			);
			path = "Profile Extension";
			sourceTree = "<group>";
		};
		B5A81767221A7CCD00A05D3B /* Editing User Profile Extesion */ = {
			isa = PBXGroup;
			children = (
				B5A81765221A7CA700A05D3B /* EditingUserProfileImagePickerExtension.swift */,
				B5A81763221A7C4200A05D3B /* EditingUserProfileGestureRecExtesion.swift */,
			);
			path = "Editing User Profile Extesion";
			sourceTree = "<group>";
		};
		B5A81768221A7CF500A05D3B /* Extensions */ = {
			isa = PBXGroup;
			children = (
				B5A81762221A7B8200A05D3B /* Profile Extension */,
				B5A81767221A7CCD00A05D3B /* Editing User Profile Extesion */,
				B565D5DB2222EAE000CE4204 /* DateExtension.swift */,
				B53790A1222F0DC7007FAC24 /* NSUserDefaultsExtension.swift */,
				B53790AD222F4C9D007FAC24 /* ColorExtension.swift */,
			);
			path = Extensions;
			sourceTree = "<group>";
		};
		B5B10B842210167600CB3F0E /* Scenes */ = {
			isa = PBXGroup;
			children = (
				B5D93B97220B6EC700B12EA4 /* Profile.storyboard */,
				B58B3641221DF66500DDE309 /* ConversationsList.storyboard */,
				B552670522232A3400CABDEA /* Conversation.storyboard */,
				B537909F222EA451007FAC24 /* ThemesViewController.storyboard */,
				B5D93B9F220B6EC700B12EA4 /* LaunchScreen.storyboard */,
			);
			path = Scenes;
			sourceTree = "<group>";
		};
		B5D93B87220B6EC700B12EA4 = {
			isa = PBXGroup;
			children = (
				B5D93B92220B6EC700B12EA4 /* TinkoffChat */,
				B5D93B91220B6EC700B12EA4 /* Products */,
				72BD5C7ADEE4FA80B7DB6C86 /* Pods */,
				D5F736E2354B9FB44F66E6F7 /* Frameworks */,
			);
			sourceTree = "<group>";
		};
		B5D93B91220B6EC700B12EA4 /* Products */ = {
			isa = PBXGroup;
			children = (
				B5D93B90220B6EC700B12EA4 /* TinkoffChat.app */,
			);
			name = Products;
			sourceTree = "<group>";
		};
		B5D93B92220B6EC700B12EA4 /* TinkoffChat */ = {
			isa = PBXGroup;
			children = (
				B53790A3222F0EB6007FAC24 /* ThemeViewControllerSwift.swift */,
				B5D93B93220B6EC700B12EA4 /* AppDelegate.swift */,
				B53790A5222F114C007FAC24 /* ThemesSettings.swift */,
				B5379092222DEF6F007FAC24 /* Objective-c */,
				B565D5DA2222EABF00CE4204 /* Profile */,
				B565D5D92222EAA100CE4204 /* ConversationList */,
				B599F88522240BB400439B7A /* Conversation */,
				B5A81768221A7CF500A05D3B /* Extensions */,
				B583A1622219804D00C18085 /* Data Source */,
				B5B10B842210167600CB3F0E /* Scenes */,
				B5D93B9D220B6EC700B12EA4 /* Assets.xcassets */,
				B5D93BA2220B6EC700B12EA4 /* Info.plist */,
				B5D93B9A220B6EC700B12EA4 /* TinkoffChat.xcdatamodeld */,
			);
			path = TinkoffChat;
			sourceTree = "<group>";
		};
		D5F736E2354B9FB44F66E6F7 /* Frameworks */ = {
			isa = PBXGroup;
			children = (
				E6073FE7680D7434BE1FEFA6 /* Pods_TinkoffChat.framework */,
			);
			name = Frameworks;
			sourceTree = "<group>";
		};
/* End PBXGroup section */

/* Begin PBXNativeTarget section */
		B5D93B8F220B6EC700B12EA4 /* TinkoffChat */ = {
			isa = PBXNativeTarget;
			buildConfigurationList = B5D93BA5220B6EC700B12EA4 /* Build configuration list for PBXNativeTarget "TinkoffChat" */;
			buildPhases = (
				50B4B310DDB9CA20CE892D6E /* [CP] Check Pods Manifest.lock */,
				B5D93B8C220B6EC700B12EA4 /* Sources */,
				B5D93B8D220B6EC700B12EA4 /* Frameworks */,
				B5D93B8E220B6EC700B12EA4 /* Resources */,
				2F14731D80275E3B060D2678 /* [CP] Embed Pods Frameworks */,
			);
			buildRules = (
			);
			dependencies = (
			);
			name = TinkoffChat;
			productName = TinkoffChat;
			productReference = B5D93B90220B6EC700B12EA4 /* TinkoffChat.app */;
			productType = "com.apple.product-type.application";
		};
/* End PBXNativeTarget section */

/* Begin PBXProject section */
		B5D93B88220B6EC700B12EA4 /* Project object */ = {
			isa = PBXProject;
			attributes = {
				LastSwiftUpdateCheck = 1000;
				LastUpgradeCheck = 1000;
				ORGANIZATIONNAME = "Konstantin Meleshko";
				TargetAttributes = {
					B5D93B8F220B6EC700B12EA4 = {
						CreatedOnToolsVersion = 10.0;
						LastSwiftMigration = 1010;
					};
				};
			};
			buildConfigurationList = B5D93B8B220B6EC700B12EA4 /* Build configuration list for PBXProject "TinkoffChat" */;
			compatibilityVersion = "Xcode 9.3";
			developmentRegion = en;
			hasScannedForEncodings = 0;
			knownRegions = (
				en,
				Base,
			);
			mainGroup = B5D93B87220B6EC700B12EA4;
			productRefGroup = B5D93B91220B6EC700B12EA4 /* Products */;
			projectDirPath = "";
			projectRoot = "";
			targets = (
				B5D93B8F220B6EC700B12EA4 /* TinkoffChat */,
			);
		};
/* End PBXProject section */

/* Begin PBXResourcesBuildPhase section */
		B5D93B8E220B6EC700B12EA4 /* Resources */ = {
			isa = PBXResourcesBuildPhase;
			buildActionMask = 2147483647;
			files = (
				B5D93BA1220B6EC700B12EA4 /* LaunchScreen.storyboard in Resources */,
				B53790A0222EA451007FAC24 /* ThemesViewController.storyboard in Resources */,
				B5D93B9E220B6EC700B12EA4 /* Assets.xcassets in Resources */,
				B58B3642221DF66500DDE309 /* ConversationsList.storyboard in Resources */,
				B552670622232A3400CABDEA /* Conversation.storyboard in Resources */,
				B5D93B99220B6EC700B12EA4 /* Profile.storyboard in Resources */,
			);
			runOnlyForDeploymentPostprocessing = 0;
		};
/* End PBXResourcesBuildPhase section */

/* Begin PBXShellScriptBuildPhase section */
		2F14731D80275E3B060D2678 /* [CP] Embed Pods Frameworks */ = {
			isa = PBXShellScriptBuildPhase;
			buildActionMask = 2147483647;
			files = (
			);
			inputPaths = (
				"${SRCROOT}/Pods/Target Support Files/Pods-TinkoffChat/Pods-TinkoffChat-frameworks.sh",
				"${BUILT_PRODUCTS_DIR}/SnapKit/SnapKit.framework",
			);
			name = "[CP] Embed Pods Frameworks";
			outputPaths = (
				"${TARGET_BUILD_DIR}/${FRAMEWORKS_FOLDER_PATH}/SnapKit.framework",
			);
			runOnlyForDeploymentPostprocessing = 0;
			shellPath = /bin/sh;
			shellScript = "\"${SRCROOT}/Pods/Target Support Files/Pods-TinkoffChat/Pods-TinkoffChat-frameworks.sh\"\n";
			showEnvVarsInLog = 0;
		};
		50B4B310DDB9CA20CE892D6E /* [CP] Check Pods Manifest.lock */ = {
			isa = PBXShellScriptBuildPhase;
			buildActionMask = 2147483647;
			files = (
			);
			inputPaths = (
				"${PODS_PODFILE_DIR_PATH}/Podfile.lock",
				"${PODS_ROOT}/Manifest.lock",
			);
			name = "[CP] Check Pods Manifest.lock";
			outputPaths = (
				"$(DERIVED_FILE_DIR)/Pods-TinkoffChat-checkManifestLockResult.txt",
			);
			runOnlyForDeploymentPostprocessing = 0;
			shellPath = /bin/sh;
			shellScript = "diff \"${PODS_PODFILE_DIR_PATH}/Podfile.lock\" \"${PODS_ROOT}/Manifest.lock\" > /dev/null\nif [ $? != 0 ] ; then\n    # print error to STDERR\n    echo \"error: The sandbox is not in sync with the Podfile.lock. Run 'pod install' or update your CocoaPods installation.\" >&2\n    exit 1\nfi\n# This output is used by Xcode 'outputs' to avoid re-running this script phase.\necho \"SUCCESS\" > \"${SCRIPT_OUTPUT_FILE_0}\"\n";
			showEnvVarsInLog = 0;
		};
/* End PBXShellScriptBuildPhase section */

/* Begin PBXSourcesBuildPhase section */
		B5D93B8C220B6EC700B12EA4 /* Sources */ = {
			isa = PBXSourcesBuildPhase;
			buildActionMask = 2147483647;
			files = (
				B5D93B96220B6EC700B12EA4 /* ProfileViewController.swift in Sources */,
				B565D5DC2222EAE000CE4204 /* DateExtension.swift in Sources */,
				B5A81766221A7CA700A05D3B /* EditingUserProfileImagePickerExtension.swift in Sources */,
				B5ECE57F22182574005AD783 /* ZoomUserImageViewController.swift in Sources */,
				B53790AE222F4C9D007FAC24 /* ColorExtension.swift in Sources */,
				B53790A2222F0DC7007FAC24 /* NSUserDefaultsExtension.swift in Sources */,
				B599F8842224048400439B7A /* MessageTableViewCell.swift in Sources */,
				B5CFCBE8221A8B84005C1134 /* SetUserProfileImageProtocol.swift in Sources */,
				B5A8175F221A7A9200A05D3B /* ProfilePickerImageExtesion.swift in Sources */,
				B588A0342219A73700F691A5 /* EditingUserProfileViewController.swift in Sources */,
				B5D93B94220B6EC700B12EA4 /* AppDelegate.swift in Sources */,
				B57E183E221ED37800BB9233 /* ConversationTableViewCell.swift in Sources */,
				B565D5DE2222EB1700CE4204 /* ConversationsListViewController.swift in Sources */,
				B53790A6222F114C007FAC24 /* ThemesSettings.swift in Sources */,
				B537909B222DF06E007FAC24 /* Themes.m in Sources */,
				B530C2E72222F75000DC7A1C /* ConversationViewController.swift in Sources */,
				B53790AF222F4E15007FAC24 /* ThemeViewControllerSwift.swift in Sources */,
				B53790B0222F4E71007FAC24 /* ThemesViewController.m in Sources */,
				B5A81764221A7C4200A05D3B /* EditingUserProfileGestureRecExtesion.swift in Sources */,
				B599F8812224028100439B7A /* MessageCellConfiguration.swift in Sources */,
				B5299F91221EB185009A4345 /* ConversationCellConfiguration.swift in Sources */,
				B5D93B9C220B6EC700B12EA4 /* TinkoffChat.xcdatamodeld in Sources */,
				B51C3150221AC4CF00A6381E /* GestureRecognizerLogicForUserProfileImage.swift in Sources */,
				B5A81761221A7B5000A05D3B /* ProfileGestureRecExtension.swift in Sources */,
				B583A1612219784F00C18085 /* Models.swift in Sources */,
			);
			runOnlyForDeploymentPostprocessing = 0;
		};
/* End PBXSourcesBuildPhase section */

/* Begin PBXVariantGroup section */
		B5D93B97220B6EC700B12EA4 /* Profile.storyboard */ = {
			isa = PBXVariantGroup;
			children = (
				B5D93B98220B6EC700B12EA4 /* Base */,
			);
			name = Profile.storyboard;
			sourceTree = "<group>";
		};
		B5D93B9F220B6EC700B12EA4 /* LaunchScreen.storyboard */ = {
			isa = PBXVariantGroup;
			children = (
				B5D93BA0220B6EC700B12EA4 /* Base */,
			);
			name = LaunchScreen.storyboard;
			sourceTree = "<group>";
		};
/* End PBXVariantGroup section */

/* Begin XCBuildConfiguration section */
		B5D93BA3220B6EC700B12EA4 /* Debug */ = {
			isa = XCBuildConfiguration;
			buildSettings = {
				ALWAYS_SEARCH_USER_PATHS = NO;
				CLANG_ANALYZER_NONNULL = YES;
				CLANG_ANALYZER_NUMBER_OBJECT_CONVERSION = YES_AGGRESSIVE;
				CLANG_CXX_LANGUAGE_STANDARD = "gnu++14";
				CLANG_CXX_LIBRARY = "libc++";
				CLANG_ENABLE_MODULES = YES;
				CLANG_ENABLE_OBJC_ARC = YES;
				CLANG_ENABLE_OBJC_WEAK = YES;
				CLANG_WARN_BLOCK_CAPTURE_AUTORELEASING = YES;
				CLANG_WARN_BOOL_CONVERSION = YES;
				CLANG_WARN_COMMA = YES;
				CLANG_WARN_CONSTANT_CONVERSION = YES;
				CLANG_WARN_DEPRECATED_OBJC_IMPLEMENTATIONS = YES;
				CLANG_WARN_DIRECT_OBJC_ISA_USAGE = YES_ERROR;
				CLANG_WARN_DOCUMENTATION_COMMENTS = YES;
				CLANG_WARN_EMPTY_BODY = YES;
				CLANG_WARN_ENUM_CONVERSION = YES;
				CLANG_WARN_INFINITE_RECURSION = YES;
				CLANG_WARN_INT_CONVERSION = YES;
				CLANG_WARN_NON_LITERAL_NULL_CONVERSION = YES;
				CLANG_WARN_OBJC_IMPLICIT_RETAIN_SELF = YES;
				CLANG_WARN_OBJC_LITERAL_CONVERSION = YES;
				CLANG_WARN_OBJC_ROOT_CLASS = YES_ERROR;
				CLANG_WARN_RANGE_LOOP_ANALYSIS = YES;
				CLANG_WARN_STRICT_PROTOTYPES = YES;
				CLANG_WARN_SUSPICIOUS_MOVE = YES;
				CLANG_WARN_UNGUARDED_AVAILABILITY = YES_AGGRESSIVE;
				CLANG_WARN_UNREACHABLE_CODE = YES;
				CLANG_WARN__DUPLICATE_METHOD_MATCH = YES;
				CODE_SIGN_IDENTITY = "iPhone Developer";
				COPY_PHASE_STRIP = NO;
				DEBUG_INFORMATION_FORMAT = dwarf;
				ENABLE_STRICT_OBJC_MSGSEND = YES;
				ENABLE_TESTABILITY = YES;
				GCC_C_LANGUAGE_STANDARD = gnu11;
				GCC_DYNAMIC_NO_PIC = NO;
				GCC_NO_COMMON_BLOCKS = YES;
				GCC_OPTIMIZATION_LEVEL = 0;
				GCC_PREPROCESSOR_DEFINITIONS = (
					"DEBUG=1",
					"$(inherited)",
				);
				GCC_WARN_64_TO_32_BIT_CONVERSION = YES;
				GCC_WARN_ABOUT_RETURN_TYPE = YES_ERROR;
				GCC_WARN_UNDECLARED_SELECTOR = YES;
				GCC_WARN_UNINITIALIZED_AUTOS = YES_AGGRESSIVE;
				GCC_WARN_UNUSED_FUNCTION = YES;
				GCC_WARN_UNUSED_VARIABLE = YES;
				IPHONEOS_DEPLOYMENT_TARGET = 12.0;
				MTL_ENABLE_DEBUG_INFO = INCLUDE_SOURCE;
				MTL_FAST_MATH = YES;
				ONLY_ACTIVE_ARCH = YES;
				SDKROOT = iphoneos;
				SWIFT_ACTIVE_COMPILATION_CONDITIONS = DEBUG;
				SWIFT_OPTIMIZATION_LEVEL = "-Onone";
			};
			name = Debug;
		};
		B5D93BA4220B6EC700B12EA4 /* Release */ = {
			isa = XCBuildConfiguration;
			buildSettings = {
				ALWAYS_SEARCH_USER_PATHS = NO;
				CLANG_ANALYZER_NONNULL = YES;
				CLANG_ANALYZER_NUMBER_OBJECT_CONVERSION = YES_AGGRESSIVE;
				CLANG_CXX_LANGUAGE_STANDARD = "gnu++14";
				CLANG_CXX_LIBRARY = "libc++";
				CLANG_ENABLE_MODULES = YES;
				CLANG_ENABLE_OBJC_ARC = YES;
				CLANG_ENABLE_OBJC_WEAK = YES;
				CLANG_WARN_BLOCK_CAPTURE_AUTORELEASING = YES;
				CLANG_WARN_BOOL_CONVERSION = YES;
				CLANG_WARN_COMMA = YES;
				CLANG_WARN_CONSTANT_CONVERSION = YES;
				CLANG_WARN_DEPRECATED_OBJC_IMPLEMENTATIONS = YES;
				CLANG_WARN_DIRECT_OBJC_ISA_USAGE = YES_ERROR;
				CLANG_WARN_DOCUMENTATION_COMMENTS = YES;
				CLANG_WARN_EMPTY_BODY = YES;
				CLANG_WARN_ENUM_CONVERSION = YES;
				CLANG_WARN_INFINITE_RECURSION = YES;
				CLANG_WARN_INT_CONVERSION = YES;
				CLANG_WARN_NON_LITERAL_NULL_CONVERSION = YES;
				CLANG_WARN_OBJC_IMPLICIT_RETAIN_SELF = YES;
				CLANG_WARN_OBJC_LITERAL_CONVERSION = YES;
				CLANG_WARN_OBJC_ROOT_CLASS = YES_ERROR;
				CLANG_WARN_RANGE_LOOP_ANALYSIS = YES;
				CLANG_WARN_STRICT_PROTOTYPES = YES;
				CLANG_WARN_SUSPICIOUS_MOVE = YES;
				CLANG_WARN_UNGUARDED_AVAILABILITY = YES_AGGRESSIVE;
				CLANG_WARN_UNREACHABLE_CODE = YES;
				CLANG_WARN__DUPLICATE_METHOD_MATCH = YES;
				CODE_SIGN_IDENTITY = "iPhone Developer";
				COPY_PHASE_STRIP = NO;
				DEBUG_INFORMATION_FORMAT = "dwarf-with-dsym";
				ENABLE_NS_ASSERTIONS = NO;
				ENABLE_STRICT_OBJC_MSGSEND = YES;
				GCC_C_LANGUAGE_STANDARD = gnu11;
				GCC_NO_COMMON_BLOCKS = YES;
				GCC_WARN_64_TO_32_BIT_CONVERSION = YES;
				GCC_WARN_ABOUT_RETURN_TYPE = YES_ERROR;
				GCC_WARN_UNDECLARED_SELECTOR = YES;
				GCC_WARN_UNINITIALIZED_AUTOS = YES_AGGRESSIVE;
				GCC_WARN_UNUSED_FUNCTION = YES;
				GCC_WARN_UNUSED_VARIABLE = YES;
				IPHONEOS_DEPLOYMENT_TARGET = 12.0;
				MTL_ENABLE_DEBUG_INFO = NO;
				MTL_FAST_MATH = YES;
				SDKROOT = iphoneos;
				"SWIFT_ACTIVE_COMPILATION_CONDITIONS[arch=*]" = "";
				SWIFT_COMPILATION_MODE = wholemodule;
				SWIFT_OPTIMIZATION_LEVEL = "-O";
				VALIDATE_PRODUCT = YES;
			};
			name = Release;
		};
		B5D93BA6220B6EC700B12EA4 /* Debug */ = {
			isa = XCBuildConfiguration;
			baseConfigurationReference = 6553760C1E52A43529F6B398 /* Pods-TinkoffChat.debug.xcconfig */;
			buildSettings = {
				ASSETCATALOG_COMPILER_APPICON_NAME = AppIcon;
				CLANG_ENABLE_MODULES = YES;
				CLANG_ENABLE_OBJC_ARC = NO;
				CODE_SIGN_STYLE = Automatic;
				DEVELOPMENT_TEAM = YB3X76G54W;
				INFOPLIST_FILE = TinkoffChat/Info.plist;
				IPHONEOS_DEPLOYMENT_TARGET = 11.0;
				LD_RUNPATH_SEARCH_PATHS = (
					"$(inherited)",
					"@executable_path/Frameworks",
				);
				PRODUCT_BUNDLE_IDENTIFIER = Nervanin.TinkoffChat;
				PRODUCT_NAME = "$(TARGET_NAME)";
				SWIFT_OBJC_BRIDGING_HEADER = "TinkoffChat/Objective-c/TinkoffChat-Bridging-Header.h";
				SWIFT_OPTIMIZATION_LEVEL = "-Onone";
				SWIFT_VERSION = 4.2;
				TARGETED_DEVICE_FAMILY = 1;
			};
			name = Debug;
		};
		B5D93BA7220B6EC700B12EA4 /* Release */ = {
			isa = XCBuildConfiguration;
			baseConfigurationReference = D13F12F1225E29503664F6AA /* Pods-TinkoffChat.release.xcconfig */;
			buildSettings = {
				ASSETCATALOG_COMPILER_APPICON_NAME = AppIcon;
				CLANG_ENABLE_MODULES = YES;
				CLANG_ENABLE_OBJC_ARC = NO;
				CODE_SIGN_STYLE = Automatic;
				DEVELOPMENT_TEAM = YB3X76G54W;
				INFOPLIST_FILE = TinkoffChat/Info.plist;
				IPHONEOS_DEPLOYMENT_TARGET = 11.0;
				LD_RUNPATH_SEARCH_PATHS = (
					"$(inherited)",
					"@executable_path/Frameworks",
				);
				PRODUCT_BUNDLE_IDENTIFIER = Nervanin.TinkoffChat;
				PRODUCT_NAME = "$(TARGET_NAME)";
				SWIFT_OBJC_BRIDGING_HEADER = "TinkoffChat/Objective-c/TinkoffChat-Bridging-Header.h";
				SWIFT_VERSION = 4.2;
				TARGETED_DEVICE_FAMILY = 1;
			};
			name = Release;
		};
/* End XCBuildConfiguration section */

/* Begin XCConfigurationList section */
		B5D93B8B220B6EC700B12EA4 /* Build configuration list for PBXProject "TinkoffChat" */ = {
			isa = XCConfigurationList;
			buildConfigurations = (
				B5D93BA3220B6EC700B12EA4 /* Debug */,
				B5D93BA4220B6EC700B12EA4 /* Release */,
			);
			defaultConfigurationIsVisible = 0;
			defaultConfigurationName = Release;
		};
		B5D93BA5220B6EC700B12EA4 /* Build configuration list for PBXNativeTarget "TinkoffChat" */ = {
			isa = XCConfigurationList;
			buildConfigurations = (
				B5D93BA6220B6EC700B12EA4 /* Debug */,
				B5D93BA7220B6EC700B12EA4 /* Release */,
			);
			defaultConfigurationIsVisible = 0;
			defaultConfigurationName = Release;
		};
/* End XCConfigurationList section */

/* Begin XCVersionGroup section */
		B5D93B9A220B6EC700B12EA4 /* TinkoffChat.xcdatamodeld */ = {
			isa = XCVersionGroup;
			children = (
				B5D93B9B220B6EC700B12EA4 /* TinkoffChat.xcdatamodel */,
			);
			currentVersion = B5D93B9B220B6EC700B12EA4 /* TinkoffChat.xcdatamodel */;
			path = TinkoffChat.xcdatamodeld;
			sourceTree = "<group>";
			versionGroupType = wrapper.xcdatamodel;
		};
/* End XCVersionGroup section */
	};
	rootObject = B5D93B88220B6EC700B12EA4 /* Project object */;
}
